// !$*UTF8*$!
{
	archiveVersion = 1;
	classes = {
	};
	objectVersion = 55;
	objects = {

/* Begin PBXBuildFile section */
		558B191C27DFBA780033C8FB /* AppDelegate.swift in Sources */ = {isa = PBXBuildFile; fileRef = 558B191B27DFBA780033C8FB /* AppDelegate.swift */; };
		558B191E27DFBA780033C8FB /* SceneDelegate.swift in Sources */ = {isa = PBXBuildFile; fileRef = 558B191D27DFBA780033C8FB /* SceneDelegate.swift */; };
		558B192027DFBA780033C8FB /* ViewController.swift in Sources */ = {isa = PBXBuildFile; fileRef = 558B191F27DFBA780033C8FB /* ViewController.swift */; };
		558B192327DFBA780033C8FB /* Main.storyboard in Resources */ = {isa = PBXBuildFile; fileRef = 558B192127DFBA780033C8FB /* Main.storyboard */; };
		558B192527DFBA7A0033C8FB /* Assets.xcassets in Resources */ = {isa = PBXBuildFile; fileRef = 558B192427DFBA7A0033C8FB /* Assets.xcassets */; };
		558B192827DFBA7A0033C8FB /* LaunchScreen.storyboard in Resources */ = {isa = PBXBuildFile; fileRef = 558B192627DFBA7A0033C8FB /* LaunchScreen.storyboard */; };
		8CFEB3C427DFE33700800875 /* Botoes.swift in Sources */ = {isa = PBXBuildFile; fileRef = 8CFEB3C327DFE33700800875 /* Botoes.swift */; };
		F6B4B69627E3BE1300DF55B2 /* TelaDeAdicionar.storyboard in Resources */ = {isa = PBXBuildFile; fileRef = F6B4B69527E3BE1300DF55B2 /* TelaDeAdicionar.storyboard */; };
		F6B4B69827E3BE4700DF55B2 /* TelaDeAutores.storyboard in Resources */ = {isa = PBXBuildFile; fileRef = F6B4B69727E3BE4700DF55B2 /* TelaDeAutores.storyboard */; };
		F6B4B69A27E3BE5800DF55B2 /* TelaDeCategorias.storyboard in Resources */ = {isa = PBXBuildFile; fileRef = F6B4B69927E3BE5800DF55B2 /* TelaDeCategorias.storyboard */; };
		F6B4B69C27E3BE7900DF55B2 /* TelaDeEditar.storyboard in Resources */ = {isa = PBXBuildFile; fileRef = F6B4B69B27E3BE7900DF55B2 /* TelaDeEditar.storyboard */; };
		F6B4B69E27E3BE9F00DF55B2 /* TelaDeStatus.storyboard in Resources */ = {isa = PBXBuildFile; fileRef = F6B4B69D27E3BE9F00DF55B2 /* TelaDeStatus.storyboard */; };
		F6B4B6A027E3C72F00DF55B2 /* telaDeAdicionarViewController.swift in Sources */ = {isa = PBXBuildFile; fileRef = F6B4B69F27E3C72F00DF55B2 /* telaDeAdicionarViewController.swift */; };
		F6B4B6A227E3C74500DF55B2 /* telaDeAutoresViewController.swift in Sources */ = {isa = PBXBuildFile; fileRef = F6B4B6A127E3C74400DF55B2 /* telaDeAutoresViewController.swift */; };
		F6B4B6A427E3C75900DF55B2 /* TelaDeCategoriasViewController.swift in Sources */ = {isa = PBXBuildFile; fileRef = F6B4B6A327E3C75900DF55B2 /* TelaDeCategoriasViewController.swift */; };
		F6B4B6A627E3C77800DF55B2 /* telaDeEditarViewController.swift in Sources */ = {isa = PBXBuildFile; fileRef = F6B4B6A527E3C77800DF55B2 /* telaDeEditarViewController.swift */; };
		F6B4B6A827E3C7B700DF55B2 /* telaDeStatusViewController.swift in Sources */ = {isa = PBXBuildFile; fileRef = F6B4B6A727E3C7B700DF55B2 /* telaDeStatusViewController.swift */; };
/* End PBXBuildFile section */

/* Begin PBXFileReference section */
		558B191827DFBA780033C8FB /* Main.app */ = {isa = PBXFileReference; explicitFileType = wrapper.application; includeInIndex = 0; path = Main.app; sourceTree = BUILT_PRODUCTS_DIR; };
		558B191B27DFBA780033C8FB /* AppDelegate.swift */ = {isa = PBXFileReference; lastKnownFileType = sourcecode.swift; path = AppDelegate.swift; sourceTree = "<group>"; };
		558B191D27DFBA780033C8FB /* SceneDelegate.swift */ = {isa = PBXFileReference; lastKnownFileType = sourcecode.swift; path = SceneDelegate.swift; sourceTree = "<group>"; };
		558B191F27DFBA780033C8FB /* ViewController.swift */ = {isa = PBXFileReference; lastKnownFileType = sourcecode.swift; path = ViewController.swift; sourceTree = "<group>"; };
		558B192227DFBA780033C8FB /* Base */ = {isa = PBXFileReference; lastKnownFileType = file.storyboard; name = Base; path = Base.lproj/Main.storyboard; sourceTree = "<group>"; };
		558B192427DFBA7A0033C8FB /* Assets.xcassets */ = {isa = PBXFileReference; lastKnownFileType = folder.assetcatalog; path = Assets.xcassets; sourceTree = "<group>"; };
		558B192727DFBA7A0033C8FB /* Base */ = {isa = PBXFileReference; lastKnownFileType = file.storyboard; name = Base; path = Base.lproj/LaunchScreen.storyboard; sourceTree = "<group>"; };
		558B192927DFBA7A0033C8FB /* Info.plist */ = {isa = PBXFileReference; lastKnownFileType = text.plist.xml; path = Info.plist; sourceTree = "<group>"; };
		8CFEB3C327DFE33700800875 /* Botoes.swift */ = {isa = PBXFileReference; lastKnownFileType = sourcecode.swift; path = Botoes.swift; sourceTree = "<group>"; };
		F6B4B69527E3BE1300DF55B2 /* TelaDeAdicionar.storyboard */ = {isa = PBXFileReference; lastKnownFileType = file.storyboard; path = TelaDeAdicionar.storyboard; sourceTree = "<group>"; };
		F6B4B69727E3BE4700DF55B2 /* TelaDeAutores.storyboard */ = {isa = PBXFileReference; lastKnownFileType = file.storyboard; path = TelaDeAutores.storyboard; sourceTree = "<group>"; };
		F6B4B69927E3BE5800DF55B2 /* TelaDeCategorias.storyboard */ = {isa = PBXFileReference; lastKnownFileType = file.storyboard; path = TelaDeCategorias.storyboard; sourceTree = "<group>"; };
		F6B4B69B27E3BE7900DF55B2 /* TelaDeEditar.storyboard */ = {isa = PBXFileReference; lastKnownFileType = file.storyboard; path = TelaDeEditar.storyboard; sourceTree = "<group>"; };
		F6B4B69D27E3BE9F00DF55B2 /* TelaDeStatus.storyboard */ = {isa = PBXFileReference; lastKnownFileType = file.storyboard; path = TelaDeStatus.storyboard; sourceTree = "<group>"; };
		F6B4B69F27E3C72F00DF55B2 /* telaDeAdicionarViewController.swift */ = {isa = PBXFileReference; lastKnownFileType = sourcecode.swift; path = telaDeAdicionarViewController.swift; sourceTree = "<group>"; };
		F6B4B6A127E3C74400DF55B2 /* telaDeAutoresViewController.swift */ = {isa = PBXFileReference; lastKnownFileType = sourcecode.swift; path = telaDeAutoresViewController.swift; sourceTree = "<group>"; };
		F6B4B6A327E3C75900DF55B2 /* TelaDeCategoriasViewController.swift */ = {isa = PBXFileReference; lastKnownFileType = sourcecode.swift; path = TelaDeCategoriasViewController.swift; sourceTree = "<group>"; };
		F6B4B6A527E3C77800DF55B2 /* telaDeEditarViewController.swift */ = {isa = PBXFileReference; lastKnownFileType = sourcecode.swift; path = telaDeEditarViewController.swift; sourceTree = "<group>"; };
		F6B4B6A727E3C7B700DF55B2 /* telaDeStatusViewController.swift */ = {isa = PBXFileReference; lastKnownFileType = sourcecode.swift; path = telaDeStatusViewController.swift; sourceTree = "<group>"; };
/* End PBXFileReference section */

/* Begin PBXFrameworksBuildPhase section */
		558B191527DFBA780033C8FB /* Frameworks */ = {
			isa = PBXFrameworksBuildPhase;
			buildActionMask = 2147483647;
			files = (
			);
			runOnlyForDeploymentPostprocessing = 0;
		};
/* End PBXFrameworksBuildPhase section */

/* Begin PBXGroup section */
		558B190F27DFBA780033C8FB = {
			isa = PBXGroup;
			children = (
				558B191A27DFBA780033C8FB /* Main */,
				558B191927DFBA780033C8FB /* Products */,
			);
			sourceTree = "<group>";
		};
		558B191927DFBA780033C8FB /* Products */ = {
			isa = PBXGroup;
			children = (
				558B191827DFBA780033C8FB /* Main.app */,
			);
			name = Products;
			sourceTree = "<group>";
		};
		558B191A27DFBA780033C8FB /* Main */ = {
			isa = PBXGroup;
			children = (
				558B191B27DFBA780033C8FB /* AppDelegate.swift */,
				558B191D27DFBA780033C8FB /* SceneDelegate.swift */,
				F6B4B6AB27E3FE6600DF55B2 /* StoryBoard */,
				F6B4B6AC27E3FE9900DF55B2 /* ViewControler */,
				558B192427DFBA7A0033C8FB /* Assets.xcassets */,
				558B192927DFBA7A0033C8FB /* Info.plist */,
			);
			path = Main;
			sourceTree = "<group>";
		};
		F6B4B6AB27E3FE6600DF55B2 /* StoryBoard */ = {
			isa = PBXGroup;
			children = (
				558B192627DFBA7A0033C8FB /* LaunchScreen.storyboard */,
				558B192127DFBA780033C8FB /* Main.storyboard */,
				F6B4B69527E3BE1300DF55B2 /* TelaDeAdicionar.storyboard */,
				F6B4B69727E3BE4700DF55B2 /* TelaDeAutores.storyboard */,
				F6B4B69927E3BE5800DF55B2 /* TelaDeCategorias.storyboard */,
				F6B4B69B27E3BE7900DF55B2 /* TelaDeEditar.storyboard */,
				F6B4B69D27E3BE9F00DF55B2 /* TelaDeStatus.storyboard */,
			);
			path = StoryBoard;
			sourceTree = "<group>";
		};
		F6B4B6AC27E3FE9900DF55B2 /* ViewControler */ = {
			isa = PBXGroup;
			children = (
				558B191F27DFBA780033C8FB /* ViewController.swift */,
				8CFEB3C327DFE33700800875 /* Botoes.swift */,
				F6B4B69F27E3C72F00DF55B2 /* telaDeAdicionarViewController.swift */,
				F6B4B6A127E3C74400DF55B2 /* telaDeAutoresViewController.swift */,
				F6B4B6A327E3C75900DF55B2 /* TelaDeCategoriasViewController.swift */,
				F6B4B6A527E3C77800DF55B2 /* telaDeEditarViewController.swift */,
				F6B4B6A727E3C7B700DF55B2 /* telaDeStatusViewController.swift */,
			);
			path = ViewControler;
			sourceTree = "<group>";
		};
/* End PBXGroup section */

/* Begin PBXNativeTarget section */
		558B191727DFBA780033C8FB /* Main */ = {
			isa = PBXNativeTarget;
			buildConfigurationList = 558B192C27DFBA7A0033C8FB /* Build configuration list for PBXNativeTarget "Main" */;
			buildPhases = (
				558B191427DFBA780033C8FB /* Sources */,
				558B191527DFBA780033C8FB /* Frameworks */,
				558B191627DFBA780033C8FB /* Resources */,
			);
			buildRules = (
			);
			dependencies = (
			);
			name = Main;
			productName = Main;
			productReference = 558B191827DFBA780033C8FB /* Main.app */;
			productType = "com.apple.product-type.application";
		};
/* End PBXNativeTarget section */

/* Begin PBXProject section */
		558B191027DFBA780033C8FB /* Project object */ = {
			isa = PBXProject;
			attributes = {
				BuildIndependentTargetsInParallel = 1;
				LastSwiftUpdateCheck = 1320;
				LastUpgradeCheck = 1320;
				TargetAttributes = {
					558B191727DFBA780033C8FB = {
						CreatedOnToolsVersion = 13.2.1;
					};
				};
			};
			buildConfigurationList = 558B191327DFBA780033C8FB /* Build configuration list for PBXProject "Main" */;
			compatibilityVersion = "Xcode 13.0";
			developmentRegion = en;
			hasScannedForEncodings = 0;
			knownRegions = (
				en,
				Base,
			);
			mainGroup = 558B190F27DFBA780033C8FB;
			productRefGroup = 558B191927DFBA780033C8FB /* Products */;
			projectDirPath = "";
			projectRoot = "";
			targets = (
				558B191727DFBA780033C8FB /* Main */,
			);
		};
/* End PBXProject section */

/* Begin PBXResourcesBuildPhase section */
		558B191627DFBA780033C8FB /* Resources */ = {
			isa = PBXResourcesBuildPhase;
			buildActionMask = 2147483647;
			files = (
				F6B4B69827E3BE4700DF55B2 /* TelaDeAutores.storyboard in Resources */,
				F6B4B69E27E3BE9F00DF55B2 /* TelaDeStatus.storyboard in Resources */,
				558B192827DFBA7A0033C8FB /* LaunchScreen.storyboard in Resources */,
				F6B4B69C27E3BE7900DF55B2 /* TelaDeEditar.storyboard in Resources */,
				558B192527DFBA7A0033C8FB /* Assets.xcassets in Resources */,
				F6B4B69A27E3BE5800DF55B2 /* TelaDeCategorias.storyboard in Resources */,
				F6B4B69627E3BE1300DF55B2 /* TelaDeAdicionar.storyboard in Resources */,
				558B192327DFBA780033C8FB /* Main.storyboard in Resources */,
			);
			runOnlyForDeploymentPostprocessing = 0;
		};
/* End PBXResourcesBuildPhase section */

/* Begin PBXSourcesBuildPhase section */
		558B191427DFBA780033C8FB /* Sources */ = {
			isa = PBXSourcesBuildPhase;
			buildActionMask = 2147483647;
			files = (
				558B192027DFBA780033C8FB /* ViewController.swift in Sources */,
				F6B4B6A227E3C74500DF55B2 /* telaDeAutoresViewController.swift in Sources */,
				558B191C27DFBA780033C8FB /* AppDelegate.swift in Sources */,
				F6B4B6A427E3C75900DF55B2 /* TelaDeCategoriasViewController.swift in Sources */,
				F6B4B6A627E3C77800DF55B2 /* telaDeEditarViewController.swift in Sources */,
				558B191E27DFBA780033C8FB /* SceneDelegate.swift in Sources */,
				F6B4B6A827E3C7B700DF55B2 /* telaDeStatusViewController.swift in Sources */,
				8CFEB3C427DFE33700800875 /* Botoes.swift in Sources */,
				F6B4B6A027E3C72F00DF55B2 /* telaDeAdicionarViewController.swift in Sources */,
			);
			runOnlyForDeploymentPostprocessing = 0;
		};
/* End PBXSourcesBuildPhase section */

/* Begin PBXVariantGroup section */
		558B192127DFBA780033C8FB /* Main.storyboard */ = {
			isa = PBXVariantGroup;
			children = (
				558B192227DFBA780033C8FB /* Base */,
			);
			name = Main.storyboard;
			sourceTree = "<group>";
		};
		558B192627DFBA7A0033C8FB /* LaunchScreen.storyboard */ = {
			isa = PBXVariantGroup;
			children = (
				558B192727DFBA7A0033C8FB /* Base */,
			);
			name = LaunchScreen.storyboard;
			sourceTree = "<group>";
		};
/* End PBXVariantGroup section */

/* Begin XCBuildConfiguration section */
		558B192A27DFBA7A0033C8FB /* Debug */ = {
			isa = XCBuildConfiguration;
			buildSettings = {
				ALWAYS_SEARCH_USER_PATHS = NO;
				CLANG_ANALYZER_NONNULL = YES;
				CLANG_ANALYZER_NUMBER_OBJECT_CONVERSION = YES_AGGRESSIVE;
				CLANG_CXX_LANGUAGE_STANDARD = "gnu++17";
				CLANG_CXX_LIBRARY = "libc++";
				CLANG_ENABLE_MODULES = YES;
				CLANG_ENABLE_OBJC_ARC = YES;
				CLANG_ENABLE_OBJC_WEAK = YES;
				CLANG_WARN_BLOCK_CAPTURE_AUTORELEASING = YES;
				CLANG_WARN_BOOL_CONVERSION = YES;
				CLANG_WARN_COMMA = YES;
				CLANG_WARN_CONSTANT_CONVERSION = YES;
				CLANG_WARN_DEPRECATED_OBJC_IMPLEMENTATIONS = YES;
				CLANG_WARN_DIRECT_OBJC_ISA_USAGE = YES_ERROR;
				CLANG_WARN_DOCUMENTATION_COMMENTS = YES;
				CLANG_WARN_EMPTY_BODY = YES;
				CLANG_WARN_ENUM_CONVERSION = YES;
				CLANG_WARN_INFINITE_RECURSION = YES;
				CLANG_WARN_INT_CONVERSION = YES;
				CLANG_WARN_NON_LITERAL_NULL_CONVERSION = YES;
				CLANG_WARN_OBJC_IMPLICIT_RETAIN_SELF = YES;
				CLANG_WARN_OBJC_LITERAL_CONVERSION = YES;
				CLANG_WARN_OBJC_ROOT_CLASS = YES_ERROR;
				CLANG_WARN_QUOTED_INCLUDE_IN_FRAMEWORK_HEADER = YES;
				CLANG_WARN_RANGE_LOOP_ANALYSIS = YES;
				CLANG_WARN_STRICT_PROTOTYPES = YES;
				CLANG_WARN_SUSPICIOUS_MOVE = YES;
				CLANG_WARN_UNGUARDED_AVAILABILITY = YES_AGGRESSIVE;
				CLANG_WARN_UNREACHABLE_CODE = YES;
				CLANG_WARN__DUPLICATE_METHOD_MATCH = YES;
				COPY_PHASE_STRIP = NO;
				DEBUG_INFORMATION_FORMAT = dwarf;
				ENABLE_STRICT_OBJC_MSGSEND = YES;
				ENABLE_TESTABILITY = YES;
				GCC_C_LANGUAGE_STANDARD = gnu11;
				GCC_DYNAMIC_NO_PIC = NO;
				GCC_NO_COMMON_BLOCKS = YES;
				GCC_OPTIMIZATION_LEVEL = 0;
				GCC_PREPROCESSOR_DEFINITIONS = (
					"DEBUG=1",
					"$(inherited)",
				);
				GCC_WARN_64_TO_32_BIT_CONVERSION = YES;
				GCC_WARN_ABOUT_RETURN_TYPE = YES_ERROR;
				GCC_WARN_UNDECLARED_SELECTOR = YES;
				GCC_WARN_UNINITIALIZED_AUTOS = YES_AGGRESSIVE;
				GCC_WARN_UNUSED_FUNCTION = YES;
				GCC_WARN_UNUSED_VARIABLE = YES;
				IPHONEOS_DEPLOYMENT_TARGET = 15.2;
				MTL_ENABLE_DEBUG_INFO = INCLUDE_SOURCE;
				MTL_FAST_MATH = YES;
				ONLY_ACTIVE_ARCH = YES;
				SDKROOT = iphoneos;
				SWIFT_ACTIVE_COMPILATION_CONDITIONS = DEBUG;
				SWIFT_OPTIMIZATION_LEVEL = "-Onone";
			};
			name = Debug;
		};
		558B192B27DFBA7A0033C8FB /* Release */ = {
			isa = XCBuildConfiguration;
			buildSettings = {
				ALWAYS_SEARCH_USER_PATHS = NO;
				CLANG_ANALYZER_NONNULL = YES;
				CLANG_ANALYZER_NUMBER_OBJECT_CONVERSION = YES_AGGRESSIVE;
				CLANG_CXX_LANGUAGE_STANDARD = "gnu++17";
				CLANG_CXX_LIBRARY = "libc++";
				CLANG_ENABLE_MODULES = YES;
				CLANG_ENABLE_OBJC_ARC = YES;
				CLANG_ENABLE_OBJC_WEAK = YES;
				CLANG_WARN_BLOCK_CAPTURE_AUTORELEASING = YES;
				CLANG_WARN_BOOL_CONVERSION = YES;
				CLANG_WARN_COMMA = YES;
				CLANG_WARN_CONSTANT_CONVERSION = YES;
				CLANG_WARN_DEPRECATED_OBJC_IMPLEMENTATIONS = YES;
				CLANG_WARN_DIRECT_OBJC_ISA_USAGE = YES_ERROR;
				CLANG_WARN_DOCUMENTATION_COMMENTS = YES;
				CLANG_WARN_EMPTY_BODY = YES;
				CLANG_WARN_ENUM_CONVERSION = YES;
				CLANG_WARN_INFINITE_RECURSION = YES;
				CLANG_WARN_INT_CONVERSION = YES;
				CLANG_WARN_NON_LITERAL_NULL_CONVERSION = YES;
				CLANG_WARN_OBJC_IMPLICIT_RETAIN_SELF = YES;
				CLANG_WARN_OBJC_LITERAL_CONVERSION = YES;
				CLANG_WARN_OBJC_ROOT_CLASS = YES_ERROR;
				CLANG_WARN_QUOTED_INCLUDE_IN_FRAMEWORK_HEADER = YES;
				CLANG_WARN_RANGE_LOOP_ANALYSIS = YES;
				CLANG_WARN_STRICT_PROTOTYPES = YES;
				CLANG_WARN_SUSPICIOUS_MOVE = YES;
				CLANG_WARN_UNGUARDED_AVAILABILITY = YES_AGGRESSIVE;
				CLANG_WARN_UNREACHABLE_CODE = YES;
				CLANG_WARN__DUPLICATE_METHOD_MATCH = YES;
				COPY_PHASE_STRIP = NO;
				DEBUG_INFORMATION_FORMAT = "dwarf-with-dsym";
				ENABLE_NS_ASSERTIONS = NO;
				ENABLE_STRICT_OBJC_MSGSEND = YES;
				GCC_C_LANGUAGE_STANDARD = gnu11;
				GCC_NO_COMMON_BLOCKS = YES;
				GCC_WARN_64_TO_32_BIT_CONVERSION = YES;
				GCC_WARN_ABOUT_RETURN_TYPE = YES_ERROR;
				GCC_WARN_UNDECLARED_SELECTOR = YES;
				GCC_WARN_UNINITIALIZED_AUTOS = YES_AGGRESSIVE;
				GCC_WARN_UNUSED_FUNCTION = YES;
				GCC_WARN_UNUSED_VARIABLE = YES;
				IPHONEOS_DEPLOYMENT_TARGET = 15.2;
				MTL_ENABLE_DEBUG_INFO = NO;
				MTL_FAST_MATH = YES;
				SDKROOT = iphoneos;
				SWIFT_COMPILATION_MODE = wholemodule;
				SWIFT_OPTIMIZATION_LEVEL = "-O";
				VALIDATE_PRODUCT = YES;
			};
			name = Release;
		};
		558B192D27DFBA7A0033C8FB /* Debug */ = {
			isa = XCBuildConfiguration;
			buildSettings = {
				ASSETCATALOG_COMPILER_APPICON_NAME = AppIcon;
				ASSETCATALOG_COMPILER_GLOBAL_ACCENT_COLOR_NAME = AccentColor;
				CODE_SIGN_STYLE = Automatic;
				CURRENT_PROJECT_VERSION = 1;
				GENERATE_INFOPLIST_FILE = YES;
				INFOPLIST_FILE = Main/Info.plist;
				INFOPLIST_KEY_UIApplicationSupportsIndirectInputEvents = YES;
				INFOPLIST_KEY_UILaunchStoryboardName = LaunchScreen;
				INFOPLIST_KEY_UIMainStoryboardFile = Main;
				INFOPLIST_KEY_UISupportedInterfaceOrientations_iPad = "UIInterfaceOrientationPortrait UIInterfaceOrientationPortraitUpsideDown UIInterfaceOrientationLandscapeLeft UIInterfaceOrientationLandscapeRight";
				INFOPLIST_KEY_UISupportedInterfaceOrientations_iPhone = "UIInterfaceOrientationPortrait UIInterfaceOrientationLandscapeLeft UIInterfaceOrientationLandscapeRight";
				LD_RUNPATH_SEARCH_PATHS = (
					"$(inherited)",
					"@executable_path/Frameworks",
				);
				MARKETING_VERSION = 1.0;
				PRODUCT_BUNDLE_IDENTIFIER = Mybook.Main;
				PRODUCT_NAME = "$(TARGET_NAME)";
				SWIFT_EMIT_LOC_STRINGS = YES;
				SWIFT_VERSION = 5.0;
				TARGETED_DEVICE_FAMILY = "1,2";
			};
			name = Debug;
		};
		558B192E27DFBA7A0033C8FB /* Release */ = {
			isa = XCBuildConfiguration;
			buildSettings = {
				ASSETCATALOG_COMPILER_APPICON_NAME = AppIcon;
				ASSETCATALOG_COMPILER_GLOBAL_ACCENT_COLOR_NAME = AccentColor;
				CODE_SIGN_STYLE = Automatic;
				CURRENT_PROJECT_VERSION = 1;
				GENERATE_INFOPLIST_FILE = YES;
				INFOPLIST_FILE = Main/Info.plist;
				INFOPLIST_KEY_UIApplicationSupportsIndirectInputEvents = YES;
				INFOPLIST_KEY_UILaunchStoryboardName = LaunchScreen;
				INFOPLIST_KEY_UIMainStoryboardFile = Main;
				INFOPLIST_KEY_UISupportedInterfaceOrientations_iPad = "UIInterfaceOrientationPortrait UIInterfaceOrientationPortraitUpsideDown UIInterfaceOrientationLandscapeLeft UIInterfaceOrientationLandscapeRight";
				INFOPLIST_KEY_UISupportedInterfaceOrientations_iPhone = "UIInterfaceOrientationPortrait UIInterfaceOrientationLandscapeLeft UIInterfaceOrientationLandscapeRight";
				LD_RUNPATH_SEARCH_PATHS = (
					"$(inherited)",
					"@executable_path/Frameworks",
				);
				MARKETING_VERSION = 1.0;
				PRODUCT_BUNDLE_IDENTIFIER = Mybook.Main;
				PRODUCT_NAME = "$(TARGET_NAME)";
				SWIFT_EMIT_LOC_STRINGS = YES;
				SWIFT_VERSION = 5.0;
				TARGETED_DEVICE_FAMILY = "1,2";
			};
			name = Release;
		};
/* End XCBuildConfiguration section */

/* Begin XCConfigurationList section */
		558B191327DFBA780033C8FB /* Build configuration list for PBXProject "Main" */ = {
			isa = XCConfigurationList;
			buildConfigurations = (
				558B192A27DFBA7A0033C8FB /* Debug */,
				558B192B27DFBA7A0033C8FB /* Release */,
			);
			defaultConfigurationIsVisible = 0;
			defaultConfigurationName = Release;
		};
		558B192C27DFBA7A0033C8FB /* Build configuration list for PBXNativeTarget "Main" */ = {
			isa = XCConfigurationList;
			buildConfigurations = (
				558B192D27DFBA7A0033C8FB /* Debug */,
				558B192E27DFBA7A0033C8FB /* Release */,
			);
			defaultConfigurationIsVisible = 0;
			defaultConfigurationName = Release;
		};
/* End XCConfigurationList section */
	};
	rootObject = 558B191027DFBA780033C8FB /* Project object */;
}
