// !$*UTF8*$!
{
	archiveVersion = 1;
	classes = {
	};
	objectVersion = 55;
	objects = {

/* Begin PBXBuildFile section */
		551CAE0E27E8DCB400ADB954 /* NoteViewController.swift in Sources */ = {isa = PBXBuildFile; fileRef = 551CAE0D27E8DCB400ADB954 /* NoteViewController.swift */; };
		551CAE1027E8DCBF00ADB954 /* EntryViewController.swift in Sources */ = {isa = PBXBuildFile; fileRef = 551CAE0F27E8DCBF00ADB954 /* EntryViewController.swift */; };
		55FEB93A27E8DB9800982276 /* AppDelegate.swift in Sources */ = {isa = PBXBuildFile; fileRef = 55FEB93927E8DB9800982276 /* AppDelegate.swift */; };
		55FEB93C27E8DB9800982276 /* SceneDelegate.swift in Sources */ = {isa = PBXBuildFile; fileRef = 55FEB93B27E8DB9800982276 /* SceneDelegate.swift */; };
		55FEB93E27E8DB9800982276 /* ViewController.swift in Sources */ = {isa = PBXBuildFile; fileRef = 55FEB93D27E8DB9800982276 /* ViewController.swift */; };
		55FEB94127E8DB9800982276 /* Main.storyboard in Resources */ = {isa = PBXBuildFile; fileRef = 55FEB93F27E8DB9800982276 /* Main.storyboard */; };
		55FEB94327E8DBA300982276 /* Assets.xcassets in Resources */ = {isa = PBXBuildFile; fileRef = 55FEB94227E8DBA300982276 /* Assets.xcassets */; };
		55FEB94627E8DBA300982276 /* LaunchScreen.storyboard in Resources */ = {isa = PBXBuildFile; fileRef = 55FEB94427E8DBA300982276 /* LaunchScreen.storyboard */; };
		F627DB3427ED027E0027E758 /* customTableViewCell.swift in Sources */ = {isa = PBXBuildFile; fileRef = F627DB3227ED027E0027E758 /* customTableViewCell.swift */; };
		F627DB3527ED027E0027E758 /* customTableViewCell.xib in Resources */ = {isa = PBXBuildFile; fileRef = F627DB3327ED027E0027E758 /* customTableViewCell.xib */; };
/* End PBXBuildFile section */

/* Begin PBXFileReference section */
		551CAE0D27E8DCB400ADB954 /* NoteViewController.swift */ = {isa = PBXFileReference; lastKnownFileType = sourcecode.swift; path = NoteViewController.swift; sourceTree = "<group>"; };
		551CAE0F27E8DCBF00ADB954 /* EntryViewController.swift */ = {isa = PBXFileReference; lastKnownFileType = sourcecode.swift; path = EntryViewController.swift; sourceTree = "<group>"; };
		55FEB93627E8DB9800982276 /* Challenger2.app */ = {isa = PBXFileReference; explicitFileType = wrapper.application; includeInIndex = 0; path = Challenger2.app; sourceTree = BUILT_PRODUCTS_DIR; };
		55FEB93927E8DB9800982276 /* AppDelegate.swift */ = {isa = PBXFileReference; lastKnownFileType = sourcecode.swift; path = AppDelegate.swift; sourceTree = "<group>"; };
		55FEB93B27E8DB9800982276 /* SceneDelegate.swift */ = {isa = PBXFileReference; lastKnownFileType = sourcecode.swift; path = SceneDelegate.swift; sourceTree = "<group>"; };
		55FEB93D27E8DB9800982276 /* ViewController.swift */ = {isa = PBXFileReference; lastKnownFileType = sourcecode.swift; path = ViewController.swift; sourceTree = "<group>"; };
		55FEB94027E8DB9800982276 /* Base */ = {isa = PBXFileReference; lastKnownFileType = file.storyboard; name = Base; path = Base.lproj/Main.storyboard; sourceTree = "<group>"; };
		55FEB94227E8DBA300982276 /* Assets.xcassets */ = {isa = PBXFileReference; lastKnownFileType = folder.assetcatalog; path = Assets.xcassets; sourceTree = "<group>"; };
		55FEB94527E8DBA300982276 /* Base */ = {isa = PBXFileReference; lastKnownFileType = file.storyboard; name = Base; path = Base.lproj/LaunchScreen.storyboard; sourceTree = "<group>"; };
		55FEB94727E8DBA300982276 /* Info.plist */ = {isa = PBXFileReference; lastKnownFileType = text.plist.xml; path = Info.plist; sourceTree = "<group>"; };
		F627DB3227ED027E0027E758 /* customTableViewCell.swift */ = {isa = PBXFileReference; lastKnownFileType = sourcecode.swift; path = customTableViewCell.swift; sourceTree = "<group>"; };
		F627DB3327ED027E0027E758 /* customTableViewCell.xib */ = {isa = PBXFileReference; lastKnownFileType = file.xib; path = customTableViewCell.xib; sourceTree = "<group>"; };
/* End PBXFileReference section */

/* Begin PBXFrameworksBuildPhase section */
		55FEB93327E8DB9800982276 /* Frameworks */ = {
			isa = PBXFrameworksBuildPhase;
			buildActionMask = 2147483647;
			files = (
			);
			runOnlyForDeploymentPostprocessing = 0;
		};
/* End PBXFrameworksBuildPhase section */

/* Begin PBXGroup section */
		55FEB92D27E8DB9700982276 = {
			isa = PBXGroup;
			children = (
				55FEB93827E8DB9800982276 /* Challenger2 */,
				55FEB93727E8DB9800982276 /* Products */,
			);
			sourceTree = "<group>";
		};
		55FEB93727E8DB9800982276 /* Products */ = {
			isa = PBXGroup;
			children = (
				55FEB93627E8DB9800982276 /* Challenger2.app */,
			);
			name = Products;
			sourceTree = "<group>";
		};
		55FEB93827E8DB9800982276 /* Challenger2 */ = {
			isa = PBXGroup;
			children = (
				55FEB93927E8DB9800982276 /* AppDelegate.swift */,
				551CAE0D27E8DCB400ADB954 /* NoteViewController.swift */,
				55FEB93B27E8DB9800982276 /* SceneDelegate.swift */,
				551CAE0F27E8DCBF00ADB954 /* EntryViewController.swift */,
				55FEB93D27E8DB9800982276 /* ViewController.swift */,
				F627DB3227ED027E0027E758 /* customTableViewCell.swift */,
				F627DB3327ED027E0027E758 /* customTableViewCell.xib */,
				55FEB93F27E8DB9800982276 /* Main.storyboard */,
				55FEB94227E8DBA300982276 /* Assets.xcassets */,
				55FEB94427E8DBA300982276 /* LaunchScreen.storyboard */,
				55FEB94727E8DBA300982276 /* Info.plist */,
			);
			path = Challenger2;
			sourceTree = "<group>";
		};
/* End PBXGroup section */

/* Begin PBXNativeTarget section */
		55FEB93527E8DB9800982276 /* Challenger2 */ = {
			isa = PBXNativeTarget;
			buildConfigurationList = 55FEB94A27E8DBA300982276 /* Build configuration list for PBXNativeTarget "Challenger2" */;
			buildPhases = (
				55FEB93227E8DB9800982276 /* Sources */,
				55FEB93327E8DB9800982276 /* Frameworks */,
				55FEB93427E8DB9800982276 /* Resources */,
			);
			buildRules = (
			);
			dependencies = (
			);
			name = Challenger2;
			productName = Challenger2;
			productReference = 55FEB93627E8DB9800982276 /* Challenger2.app */;
			productType = "com.apple.product-type.application";
		};
/* End PBXNativeTarget section */

/* Begin PBXProject section */
		55FEB92E27E8DB9700982276 /* Project object */ = {
			isa = PBXProject;
			attributes = {
				BuildIndependentTargetsInParallel = 1;
				LastSwiftUpdateCheck = 1330;
				LastUpgradeCheck = 1330;
				TargetAttributes = {
					55FEB93527E8DB9800982276 = {
						CreatedOnToolsVersion = 13.3;
					};
				};
			};
			buildConfigurationList = 55FEB93127E8DB9700982276 /* Build configuration list for PBXProject "Challenger2" */;
			compatibilityVersion = "Xcode 13.0";
			developmentRegion = en;
			hasScannedForEncodings = 0;
			knownRegions = (
				en,
				Base,
			);
			mainGroup = 55FEB92D27E8DB9700982276;
			productRefGroup = 55FEB93727E8DB9800982276 /* Products */;
			projectDirPath = "";
			projectRoot = "";
			targets = (
				55FEB93527E8DB9800982276 /* Challenger2 */,
			);
		};
/* End PBXProject section */

/* Begin PBXResourcesBuildPhase section */
		55FEB93427E8DB9800982276 /* Resources */ = {
			isa = PBXResourcesBuildPhase;
			buildActionMask = 2147483647;
			files = (
				55FEB94627E8DBA300982276 /* LaunchScreen.storyboard in Resources */,
				55FEB94327E8DBA300982276 /* Assets.xcassets in Resources */,
				F627DB3527ED027E0027E758 /* customTableViewCell.xib in Resources */,
				55FEB94127E8DB9800982276 /* Main.storyboard in Resources */,
			);
			runOnlyForDeploymentPostprocessing = 0;
		};
/* End PBXResourcesBuildPhase section */

/* Begin PBXSourcesBuildPhase section */
		55FEB93227E8DB9800982276 /* Sources */ = {
			isa = PBXSourcesBuildPhase;
			buildActionMask = 2147483647;
			files = (
				551CAE0E27E8DCB400ADB954 /* NoteViewController.swift in Sources */,
				551CAE1027E8DCBF00ADB954 /* EntryViewController.swift in Sources */,
				F627DB3427ED027E0027E758 /* customTableViewCell.swift in Sources */,
				55FEB93E27E8DB9800982276 /* ViewController.swift in Sources */,
				55FEB93A27E8DB9800982276 /* AppDelegate.swift in Sources */,
				55FEB93C27E8DB9800982276 /* SceneDelegate.swift in Sources */,
			);
			runOnlyForDeploymentPostprocessing = 0;
		};
/* End PBXSourcesBuildPhase section */

/* Begin PBXVariantGroup section */
		55FEB93F27E8DB9800982276 /* Main.storyboard */ = {
			isa = PBXVariantGroup;
			children = (
				55FEB94027E8DB9800982276 /* Base */,
			);
			name = Main.storyboard;
			sourceTree = "<group>";
		};
		55FEB94427E8DBA300982276 /* LaunchScreen.storyboard */ = {
			isa = PBXVariantGroup;
			children = (
				55FEB94527E8DBA300982276 /* Base */,
			);
			name = LaunchScreen.storyboard;
			sourceTree = "<group>";
		};
/* End PBXVariantGroup section */

/* Begin XCBuildConfiguration section */
		55FEB94827E8DBA300982276 /* Debug */ = {
			isa = XCBuildConfiguration;
			buildSettings = {
				ALWAYS_SEARCH_USER_PATHS = NO;
				CLANG_ANALYZER_NONNULL = YES;
				CLANG_ANALYZER_NUMBER_OBJECT_CONVERSION = YES_AGGRESSIVE;
				CLANG_CXX_LANGUAGE_STANDARD = "gnu++17";
				CLANG_ENABLE_MODULES = YES;
				CLANG_ENABLE_OBJC_ARC = YES;
				CLANG_ENABLE_OBJC_WEAK = YES;
				CLANG_WARN_BLOCK_CAPTURE_AUTORELEASING = YES;
				CLANG_WARN_BOOL_CONVERSION = YES;
				CLANG_WARN_COMMA = YES;
				CLANG_WARN_CONSTANT_CONVERSION = YES;
				CLANG_WARN_DEPRECATED_OBJC_IMPLEMENTATIONS = YES;
				CLANG_WARN_DIRECT_OBJC_ISA_USAGE = YES_ERROR;
				CLANG_WARN_DOCUMENTATION_COMMENTS = YES;
				CLANG_WARN_EMPTY_BODY = YES;
				CLANG_WARN_ENUM_CONVERSION = YES;
				CLANG_WARN_INFINITE_RECURSION = YES;
				CLANG_WARN_INT_CONVERSION = YES;
				CLANG_WARN_NON_LITERAL_NULL_CONVERSION = YES;
				CLANG_WARN_OBJC_IMPLICIT_RETAIN_SELF = YES;
				CLANG_WARN_OBJC_LITERAL_CONVERSION = YES;
				CLANG_WARN_OBJC_ROOT_CLASS = YES_ERROR;
				CLANG_WARN_QUOTED_INCLUDE_IN_FRAMEWORK_HEADER = YES;
				CLANG_WARN_RANGE_LOOP_ANALYSIS = YES;
				CLANG_WARN_STRICT_PROTOTYPES = YES;
				CLANG_WARN_SUSPICIOUS_MOVE = YES;
				CLANG_WARN_UNGUARDED_AVAILABILITY = YES_AGGRESSIVE;
				CLANG_WARN_UNREACHABLE_CODE = YES;
				CLANG_WARN__DUPLICATE_METHOD_MATCH = YES;
				COPY_PHASE_STRIP = NO;
				DEBUG_INFORMATION_FORMAT = dwarf;
				ENABLE_STRICT_OBJC_MSGSEND = YES;
				ENABLE_TESTABILITY = YES;
				GCC_C_LANGUAGE_STANDARD = gnu11;
				GCC_DYNAMIC_NO_PIC = NO;
				GCC_NO_COMMON_BLOCKS = YES;
				GCC_OPTIMIZATION_LEVEL = 0;
				GCC_PREPROCESSOR_DEFINITIONS = (
					"DEBUG=1",
					"$(inherited)",
				);
				GCC_WARN_64_TO_32_BIT_CONVERSION = YES;
				GCC_WARN_ABOUT_RETURN_TYPE = YES_ERROR;
				GCC_WARN_UNDECLARED_SELECTOR = YES;
				GCC_WARN_UNINITIALIZED_AUTOS = YES_AGGRESSIVE;
				GCC_WARN_UNUSED_FUNCTION = YES;
				GCC_WARN_UNUSED_VARIABLE = YES;
				IPHONEOS_DEPLOYMENT_TARGET = 15.4;
				MTL_ENABLE_DEBUG_INFO = INCLUDE_SOURCE;
				MTL_FAST_MATH = YES;
				ONLY_ACTIVE_ARCH = YES;
				SDKROOT = iphoneos;
				SWIFT_ACTIVE_COMPILATION_CONDITIONS = DEBUG;
				SWIFT_OPTIMIZATION_LEVEL = "-Onone";
			};
			name = Debug;
		};
		55FEB94927E8DBA300982276 /* Release */ = {
			isa = XCBuildConfiguration;
			buildSettings = {
				ALWAYS_SEARCH_USER_PATHS = NO;
				CLANG_ANALYZER_NONNULL = YES;
				CLANG_ANALYZER_NUMBER_OBJECT_CONVERSION = YES_AGGRESSIVE;
				CLANG_CXX_LANGUAGE_STANDARD = "gnu++17";
				CLANG_ENABLE_MODULES = YES;
				CLANG_ENABLE_OBJC_ARC = YES;
				CLANG_ENABLE_OBJC_WEAK = YES;
				CLANG_WARN_BLOCK_CAPTURE_AUTORELEASING = YES;
				CLANG_WARN_BOOL_CONVERSION = YES;
				CLANG_WARN_COMMA = YES;
				CLANG_WARN_CONSTANT_CONVERSION = YES;
				CLANG_WARN_DEPRECATED_OBJC_IMPLEMENTATIONS = YES;
				CLANG_WARN_DIRECT_OBJC_ISA_USAGE = YES_ERROR;
				CLANG_WARN_DOCUMENTATION_COMMENTS = YES;
				CLANG_WARN_EMPTY_BODY = YES;
				CLANG_WARN_ENUM_CONVERSION = YES;
				CLANG_WARN_INFINITE_RECURSION = YES;
				CLANG_WARN_INT_CONVERSION = YES;
				CLANG_WARN_NON_LITERAL_NULL_CONVERSION = YES;
				CLANG_WARN_OBJC_IMPLICIT_RETAIN_SELF = YES;
				CLANG_WARN_OBJC_LITERAL_CONVERSION = YES;
				CLANG_WARN_OBJC_ROOT_CLASS = YES_ERROR;
				CLANG_WARN_QUOTED_INCLUDE_IN_FRAMEWORK_HEADER = YES;
				CLANG_WARN_RANGE_LOOP_ANALYSIS = YES;
				CLANG_WARN_STRICT_PROTOTYPES = YES;
				CLANG_WARN_SUSPICIOUS_MOVE = YES;
				CLANG_WARN_UNGUARDED_AVAILABILITY = YES_AGGRESSIVE;
				CLANG_WARN_UNREACHABLE_CODE = YES;
				CLANG_WARN__DUPLICATE_METHOD_MATCH = YES;
				COPY_PHASE_STRIP = NO;
				DEBUG_INFORMATION_FORMAT = "dwarf-with-dsym";
				ENABLE_NS_ASSERTIONS = NO;
				ENABLE_STRICT_OBJC_MSGSEND = YES;
				GCC_C_LANGUAGE_STANDARD = gnu11;
				GCC_NO_COMMON_BLOCKS = YES;
				GCC_WARN_64_TO_32_BIT_CONVERSION = YES;
				GCC_WARN_ABOUT_RETURN_TYPE = YES_ERROR;
				GCC_WARN_UNDECLARED_SELECTOR = YES;
				GCC_WARN_UNINITIALIZED_AUTOS = YES_AGGRESSIVE;
				GCC_WARN_UNUSED_FUNCTION = YES;
				GCC_WARN_UNUSED_VARIABLE = YES;
				IPHONEOS_DEPLOYMENT_TARGET = 15.4;
				MTL_ENABLE_DEBUG_INFO = NO;
				MTL_FAST_MATH = YES;
				SDKROOT = iphoneos;
				SWIFT_COMPILATION_MODE = wholemodule;
				SWIFT_OPTIMIZATION_LEVEL = "-O";
				VALIDATE_PRODUCT = YES;
			};
			name = Release;
		};
		55FEB94B27E8DBA300982276 /* Debug */ = {
			isa = XCBuildConfiguration;
			buildSettings = {
				ASSETCATALOG_COMPILER_APPICON_NAME = AppIcon;
				ASSETCATALOG_COMPILER_GLOBAL_ACCENT_COLOR_NAME = AccentColor;
				CODE_SIGN_STYLE = Automatic;
				CURRENT_PROJECT_VERSION = 1;
				GENERATE_INFOPLIST_FILE = YES;
				INFOPLIST_FILE = Challenger2/Info.plist;
				INFOPLIST_KEY_UIApplicationSupportsIndirectInputEvents = YES;
				INFOPLIST_KEY_UILaunchStoryboardName = LaunchScreen;
				INFOPLIST_KEY_UIMainStoryboardFile = Main;
				INFOPLIST_KEY_UISupportedInterfaceOrientations_iPad = "UIInterfaceOrientationPortrait UIInterfaceOrientationPortraitUpsideDown UIInterfaceOrientationLandscapeLeft UIInterfaceOrientationLandscapeRight";
				INFOPLIST_KEY_UISupportedInterfaceOrientations_iPhone = "UIInterfaceOrientationPortrait UIInterfaceOrientationLandscapeLeft UIInterfaceOrientationLandscapeRight";
				IPHONEOS_DEPLOYMENT_TARGET = 15.2;
				LD_RUNPATH_SEARCH_PATHS = (
					"$(inherited)",
					"@executable_path/Frameworks",
				);
				MARKETING_VERSION = 1.0;
				PRODUCT_BUNDLE_IDENTIFIER = Mybook.Challenger2;
				PRODUCT_NAME = "$(TARGET_NAME)";
				SWIFT_EMIT_LOC_STRINGS = YES;
				SWIFT_VERSION = 5.0;
				TARGETED_DEVICE_FAMILY = "1,2";
			};
			name = Debug;
		};
		55FEB94C27E8DBA300982276 /* Release */ = {
			isa = XCBuildConfiguration;
			buildSettings = {
				ASSETCATALOG_COMPILER_APPICON_NAME = AppIcon;
				ASSETCATALOG_COMPILER_GLOBAL_ACCENT_COLOR_NAME = AccentColor;
				CODE_SIGN_STYLE = Automatic;
				CURRENT_PROJECT_VERSION = 1;
				GENERATE_INFOPLIST_FILE = YES;
				INFOPLIST_FILE = Challenger2/Info.plist;
				INFOPLIST_KEY_UIApplicationSupportsIndirectInputEvents = YES;
				INFOPLIST_KEY_UILaunchStoryboardName = LaunchScreen;
				INFOPLIST_KEY_UIMainStoryboardFile = Main;
				INFOPLIST_KEY_UISupportedInterfaceOrientations_iPad = "UIInterfaceOrientationPortrait UIInterfaceOrientationPortraitUpsideDown UIInterfaceOrientationLandscapeLeft UIInterfaceOrientationLandscapeRight";
				INFOPLIST_KEY_UISupportedInterfaceOrientations_iPhone = "UIInterfaceOrientationPortrait UIInterfaceOrientationLandscapeLeft UIInterfaceOrientationLandscapeRight";
				IPHONEOS_DEPLOYMENT_TARGET = 15.2;
				LD_RUNPATH_SEARCH_PATHS = (
					"$(inherited)",
					"@executable_path/Frameworks",
				);
				MARKETING_VERSION = 1.0;
				PRODUCT_BUNDLE_IDENTIFIER = Mybook.Challenger2;
				PRODUCT_NAME = "$(TARGET_NAME)";
				SWIFT_EMIT_LOC_STRINGS = YES;
				SWIFT_VERSION = 5.0;
				TARGETED_DEVICE_FAMILY = "1,2";
			};
			name = Release;
		};
/* End XCBuildConfiguration section */

/* Begin XCConfigurationList section */
		55FEB93127E8DB9700982276 /* Build configuration list for PBXProject "Challenger2" */ = {
			isa = XCConfigurationList;
			buildConfigurations = (
				55FEB94827E8DBA300982276 /* Debug */,
				55FEB94927E8DBA300982276 /* Release */,
			);
			defaultConfigurationIsVisible = 0;
			defaultConfigurationName = Release;
		};
		55FEB94A27E8DBA300982276 /* Build configuration list for PBXNativeTarget "Challenger2" */ = {
			isa = XCConfigurationList;
			buildConfigurations = (
				55FEB94B27E8DBA300982276 /* Debug */,
				55FEB94C27E8DBA300982276 /* Release */,
			);
			defaultConfigurationIsVisible = 0;
			defaultConfigurationName = Release;
		};
/* End XCConfigurationList section */
	};
	rootObject = 55FEB92E27E8DB9700982276 /* Project object */;
}
